
Microsoft Visual Studio Solution File, Format Version 12.00
# Visual Studio Version 17
VisualStudioVersion = 17.5.002.0
MinimumVisualStudioVersion = 10.0.40219.1
Project("{9A19103F-16F7-4668-BE54-9A1E7A4F7556}") = "MischievousPlushies", "MischievousPlushies.csproj", "{78934A2B-7300-4F99-9154-1B52FE796B70}"
EndProject
Global
	GlobalSection(SolutionConfigurationPlatforms) = preSolution
		Debug|Any CPU = Debug|Any CPU
		Release|Any CPU = Release|Any CPU
	EndGlobalSection
	GlobalSection(ProjectConfigurationPlatforms) = postSolution
		{78934A2B-7300-4F99-9154-1B52FE796B70}.Debug|Any CPU.ActiveCfg = Debug|Any CPU
		{78934A2B-7300-4F99-9154-1B52FE796B70}.Debug|Any CPU.Build.0 = Debug|Any CPU
		{78934A2B-7300-4F99-9154-1B52FE796B70}.Release|Any CPU.ActiveCfg = Release|Any CPU
		{78934A2B-7300-4F99-9154-1B52FE796B70}.Release|Any CPU.Build.0 = Release|Any CPU
	EndGlobalSection
	GlobalSection(SolutionProperties) = preSolution
		HideSolutionNode = FALSE
	EndGlobalSection
	GlobalSection(ExtensibilityGlobals) = postSolution
		SolutionGuid = {C96D11C7-FB55-4943-9017-1846567BD5D4}
	EndGlobalSection
EndGlobal
